
Microsoft Visual Studio Solution File, Format Version 12.00
Project("{FAE04EC0-301F-11D3-BF4B-00C04F79EFBC}") = "WebAPI", "WebAPI\WebAPI.csproj", "{DCB8CBA3-9139-403E-A0F4-D069046B9A1B}"
EndProject
Project("{FAE04EC0-301F-11D3-BF4B-00C04F79EFBC}") = "DataAccessLayer", "DataAccessLayer\DataAccessLayer.csproj", "{B0806A9F-485A-4B54-B109-B859F5585460}"
EndProject
Project("{FAE04EC0-301F-11D3-BF4B-00C04F79EFBC}") = "BusinessLayer", "BusinessLayer\BusinessLayer.csproj", "{706AD65A-056F-43D2-AF24-91F3716F365F}"
EndProject
Project("{FAE04EC0-301F-11D3-BF4B-00C04F79EFBC}") = "TestUtilities", "TestUtilities\TestUtilities.csproj", "{A33797D6-88A0-4B54-8802-842E92CEA66E}"
EndProject
Project("{FAE04EC0-301F-11D3-BF4B-00C04F79EFBC}") = "BusinessLayer.Tests", "BusinessLayer.Tests\BusinessLayer.Tests.csproj", "{2B403A4A-A774-4248-9613-F716C0FDA24F}"
EndProject
Global
	GlobalSection(SolutionConfigurationPlatforms) = preSolution
		Debug|Any CPU = Debug|Any CPU
		Release|Any CPU = Release|Any CPU
	EndGlobalSection
	GlobalSection(ProjectConfigurationPlatforms) = postSolution
		{DCB8CBA3-9139-403E-A0F4-D069046B9A1B}.Debug|Any CPU.ActiveCfg = Debug|Any CPU
		{DCB8CBA3-9139-403E-A0F4-D069046B9A1B}.Debug|Any CPU.Build.0 = Debug|Any CPU
		{DCB8CBA3-9139-403E-A0F4-D069046B9A1B}.Release|Any CPU.ActiveCfg = Release|Any CPU
		{DCB8CBA3-9139-403E-A0F4-D069046B9A1B}.Release|Any CPU.Build.0 = Release|Any CPU
		{B0806A9F-485A-4B54-B109-B859F5585460}.Debug|Any CPU.ActiveCfg = Debug|Any CPU
		{B0806A9F-485A-4B54-B109-B859F5585460}.Debug|Any CPU.Build.0 = Debug|Any CPU
		{B0806A9F-485A-4B54-B109-B859F5585460}.Release|Any CPU.ActiveCfg = Release|Any CPU
		{B0806A9F-485A-4B54-B109-B859F5585460}.Release|Any CPU.Build.0 = Release|Any CPU
		{706AD65A-056F-43D2-AF24-91F3716F365F}.Debug|Any CPU.ActiveCfg = Debug|Any CPU
		{706AD65A-056F-43D2-AF24-91F3716F365F}.Debug|Any CPU.Build.0 = Debug|Any CPU
		{706AD65A-056F-43D2-AF24-91F3716F365F}.Release|Any CPU.ActiveCfg = Release|Any CPU
		{706AD65A-056F-43D2-AF24-91F3716F365F}.Release|Any CPU.Build.0 = Release|Any CPU
		{A33797D6-88A0-4B54-8802-842E92CEA66E}.Debug|Any CPU.ActiveCfg = Debug|Any CPU
		{A33797D6-88A0-4B54-8802-842E92CEA66E}.Debug|Any CPU.Build.0 = Debug|Any CPU
		{A33797D6-88A0-4B54-8802-842E92CEA66E}.Release|Any CPU.ActiveCfg = Release|Any CPU
		{A33797D6-88A0-4B54-8802-842E92CEA66E}.Release|Any CPU.Build.0 = Release|Any CPU
		{2B403A4A-A774-4248-9613-F716C0FDA24F}.Debug|Any CPU.ActiveCfg = Debug|Any CPU
		{2B403A4A-A774-4248-9613-F716C0FDA24F}.Debug|Any CPU.Build.0 = Debug|Any CPU
		{2B403A4A-A774-4248-9613-F716C0FDA24F}.Release|Any CPU.ActiveCfg = Release|Any CPU
		{2B403A4A-A774-4248-9613-F716C0FDA24F}.Release|Any CPU.Build.0 = Release|Any CPU
	EndGlobalSection
EndGlobal
